
Microsoft Visual Studio Solution File, Format Version 12.00
# Visual Studio Version 16
VisualStudioVersion = 16.0.29926.136
MinimumVisualStudioVersion = 10.0.40219.1
Project("{FAE04EC0-301F-11D3-BF4B-00C04F79EFBC}") = "AZSModule", "AZSModule\AZSModule.csproj", "{99E0FABD-CE96-4DA7-B7DE-BFF918C634F1}"
EndProject
Global
	GlobalSection(SolutionConfigurationPlatforms) = preSolution
		Debug|Any CPU = Debug|Any CPU
		Release|Any CPU = Release|Any CPU
	EndGlobalSection
	GlobalSection(ProjectConfigurationPlatforms) = postSolution
		{99E0FABD-CE96-4DA7-B7DE-BFF918C634F1}.Debug|Any CPU.ActiveCfg = Debug|Any CPU
		{99E0FABD-CE96-4DA7-B7DE-BFF918C634F1}.Debug|Any CPU.Build.0 = Debug|Any CPU
		{99E0FABD-CE96-4DA7-B7DE-BFF918C634F1}.Release|Any CPU.ActiveCfg = Release|Any CPU
		{99E0FABD-CE96-4DA7-B7DE-BFF918C634F1}.Release|Any CPU.Build.0 = Release|Any CPU
	EndGlobalSection
	GlobalSection(SolutionProperties) = preSolution
		HideSolutionNode = FALSE
	EndGlobalSection
	GlobalSection(ExtensibilityGlobals) = postSolution
		SolutionGuid = {85033071-A989-44BC-8F14-2C45BC9EF315}
	EndGlobalSection
EndGlobal
